
Microsoft Visual Studio Solution File, Format Version 12.00
# Visual Studio Version 17
VisualStudioVersion = 17.7.34031.279
MinimumVisualStudioVersion = 10.0.40219.1
Project("{FAE04EC0-301F-11D3-BF4B-00C04F79EFBC}") = "1014_2", "1014_2\1014_2.csproj", "{9BDC6597-779F-4AAB-AED1-F7B5DFCFF334}"
EndProject
Global
	GlobalSection(SolutionConfigurationPlatforms) = preSolution
		Debug|Any CPU = Debug|Any CPU
		Release|Any CPU = Release|Any CPU
	EndGlobalSection
	GlobalSection(ProjectConfigurationPlatforms) = postSolution
		{9BDC6597-779F-4AAB-AED1-F7B5DFCFF334}.Debug|Any CPU.ActiveCfg = Debug|Any CPU
		{9BDC6597-779F-4AAB-AED1-F7B5DFCFF334}.Debug|Any CPU.Build.0 = Debug|Any CPU
		{9BDC6597-779F-4AAB-AED1-F7B5DFCFF334}.Release|Any CPU.ActiveCfg = Release|Any CPU
		{9BDC6597-779F-4AAB-AED1-F7B5DFCFF334}.Release|Any CPU.Build.0 = Release|Any CPU
	EndGlobalSection
	GlobalSection(SolutionProperties) = preSolution
		HideSolutionNode = FALSE
	EndGlobalSection
	GlobalSection(ExtensibilityGlobals) = postSolution
		SolutionGuid = {68C5ABDC-14C0-4867-A23C-AD5DC73D9347}
	EndGlobalSection
EndGlobal
