
Microsoft Visual Studio Solution File, Format Version 12.00
# Visual Studio Version 17
VisualStudioVersion = 17.7.34031.279
MinimumVisualStudioVersion = 10.0.40219.1
Project("{FAE04EC0-301F-11D3-BF4B-00C04F79EFBC}") = "1016", "1016\1016.csproj", "{80188384-E1D6-4EF4-AF3D-F4730F1AB18D}"
EndProject
Global
	GlobalSection(SolutionConfigurationPlatforms) = preSolution
		Debug|Any CPU = Debug|Any CPU
		Release|Any CPU = Release|Any CPU
	EndGlobalSection
	GlobalSection(ProjectConfigurationPlatforms) = postSolution
		{80188384-E1D6-4EF4-AF3D-F4730F1AB18D}.Debug|Any CPU.ActiveCfg = Debug|Any CPU
		{80188384-E1D6-4EF4-AF3D-F4730F1AB18D}.Debug|Any CPU.Build.0 = Debug|Any CPU
		{80188384-E1D6-4EF4-AF3D-F4730F1AB18D}.Release|Any CPU.ActiveCfg = Release|Any CPU
		{80188384-E1D6-4EF4-AF3D-F4730F1AB18D}.Release|Any CPU.Build.0 = Release|Any CPU
	EndGlobalSection
	GlobalSection(SolutionProperties) = preSolution
		HideSolutionNode = FALSE
	EndGlobalSection
	GlobalSection(ExtensibilityGlobals) = postSolution
		SolutionGuid = {35D9404A-6165-4F7C-896D-51D290FE2966}
	EndGlobalSection
EndGlobal
